
Microsoft Visual Studio Solution File, Format Version 12.00
# Visual Studio 2012
Project("{FAE04EC0-301F-11D3-BF4B-00C04F79EFBC}") = "Twitter", "Twitter\Twitter.csproj", "{944CD58E-ECB7-43FA-A6F6-B962CDF96676}"
EndProject
Project("{FAE04EC0-301F-11D3-BF4B-00C04F79EFBC}") = "TopicSentimentAnalysis", "TopicSentimentAnalysis\TopicSentimentAnalysis.csproj", "{E7A7638B-7DDF-4488-A4E8-6ED58B5FAA09}"
EndProject
Global
	GlobalSection(SolutionConfigurationPlatforms) = preSolution
		Debug|Any CPU = Debug|Any CPU
		Release|Any CPU = Release|Any CPU
	EndGlobalSection
	GlobalSection(ProjectConfigurationPlatforms) = postSolution
		{944CD58E-ECB7-43FA-A6F6-B962CDF96676}.Debug|Any CPU.ActiveCfg = Debug|Any CPU
		{944CD58E-ECB7-43FA-A6F6-B962CDF96676}.Debug|Any CPU.Build.0 = Debug|Any CPU
		{944CD58E-ECB7-43FA-A6F6-B962CDF96676}.Release|Any CPU.ActiveCfg = Release|Any CPU
		{944CD58E-ECB7-43FA-A6F6-B962CDF96676}.Release|Any CPU.Build.0 = Release|Any CPU
		{E7A7638B-7DDF-4488-A4E8-6ED58B5FAA09}.Debug|Any CPU.ActiveCfg = Debug|Any CPU
		{E7A7638B-7DDF-4488-A4E8-6ED58B5FAA09}.Debug|Any CPU.Build.0 = Debug|Any CPU
		{E7A7638B-7DDF-4488-A4E8-6ED58B5FAA09}.Release|Any CPU.ActiveCfg = Release|Any CPU
		{E7A7638B-7DDF-4488-A4E8-6ED58B5FAA09}.Release|Any CPU.Build.0 = Release|Any CPU
	EndGlobalSection
	GlobalSection(SolutionProperties) = preSolution
		HideSolutionNode = FALSE
	EndGlobalSection
EndGlobal
